
Microsoft Visual Studio Solution File, Format Version 12.00
# Visual Studio Version 17
VisualStudioVersion = 17.14.36310.24 d17.14
MinimumVisualStudioVersion = 10.0.40219.1
Project("{FAE04EC0-301F-11D3-BF4B-00C04F79EFBC}") = "Aula10-NumerosParesImpares", "Aula10-NumerosParesImpares.csproj", "{AC0E4575-F3BD-44F4-97EF-D2AD8BB6CFB6}"
EndProject
Global
	GlobalSection(SolutionConfigurationPlatforms) = preSolution
		Debug|Any CPU = Debug|Any CPU
		Release|Any CPU = Release|Any CPU
	EndGlobalSection
	GlobalSection(ProjectConfigurationPlatforms) = postSolution
		{AC0E4575-F3BD-44F4-97EF-D2AD8BB6CFB6}.Debug|Any CPU.ActiveCfg = Debug|Any CPU
		{AC0E4575-F3BD-44F4-97EF-D2AD8BB6CFB6}.Debug|Any CPU.Build.0 = Debug|Any CPU
		{AC0E4575-F3BD-44F4-97EF-D2AD8BB6CFB6}.Release|Any CPU.ActiveCfg = Release|Any CPU
		{AC0E4575-F3BD-44F4-97EF-D2AD8BB6CFB6}.Release|Any CPU.Build.0 = Release|Any CPU
	EndGlobalSection
	GlobalSection(SolutionProperties) = preSolution
		HideSolutionNode = FALSE
	EndGlobalSection
	GlobalSection(ExtensibilityGlobals) = postSolution
		SolutionGuid = {1209B530-635B-4CEB-9DFF-D7DE569BE58C}
	EndGlobalSection
EndGlobal
